
Microsoft Visual Studio Solution File, Format Version 12.00
# Visual Studio Version 17
VisualStudioVersion = 17.10.35027.167
MinimumVisualStudioVersion = 10.0.40219.1
Project("{FAE04EC0-301F-11D3-BF4B-00C04F79EFBC}") = "SystemForManagingFitnessTrainings", "SystemForManagingFitnessTrainings\SystemForManagingFitnessTrainings.csproj", "{4338FD5B-5EF3-4D73-ABF1-5746C00AF34A}"
EndProject
Global
	GlobalSection(SolutionConfigurationPlatforms) = preSolution
		Debug|Any CPU = Debug|Any CPU
		Release|Any CPU = Release|Any CPU
	EndGlobalSection
	GlobalSection(ProjectConfigurationPlatforms) = postSolution
		{4338FD5B-5EF3-4D73-ABF1-5746C00AF34A}.Debug|Any CPU.ActiveCfg = Debug|Any CPU
		{4338FD5B-5EF3-4D73-ABF1-5746C00AF34A}.Debug|Any CPU.Build.0 = Debug|Any CPU
		{4338FD5B-5EF3-4D73-ABF1-5746C00AF34A}.Release|Any CPU.ActiveCfg = Release|Any CPU
		{4338FD5B-5EF3-4D73-ABF1-5746C00AF34A}.Release|Any CPU.Build.0 = Release|Any CPU
	EndGlobalSection
	GlobalSection(SolutionProperties) = preSolution
		HideSolutionNode = FALSE
	EndGlobalSection
	GlobalSection(ExtensibilityGlobals) = postSolution
		SolutionGuid = {93CAD294-B367-4AFB-8CAF-AEA227C05A22}
	EndGlobalSection
EndGlobal
